// !$*UTF8*$!
{
	archiveVersion = 1;
	classes = {
	};
	objectVersion = 50;
	objects = {

/* Begin PBXBuildFile section */
		AC82AD932264ED1A0065968E /* AppDelegate.swift in Sources */ = {isa = PBXBuildFile; fileRef = AC82AD922264ED1A0065968E /* AppDelegate.swift */; };
		AC82AD952264ED1A0065968E /* ViewController.swift in Sources */ = {isa = PBXBuildFile; fileRef = AC82AD942264ED1A0065968E /* ViewController.swift */; };
		AC82AD982264ED1A0065968E /* Main.storyboard in Resources */ = {isa = PBXBuildFile; fileRef = AC82AD962264ED1A0065968E /* Main.storyboard */; };
		AC82AD9A2264ED1C0065968E /* Assets.xcassets in Resources */ = {isa = PBXBuildFile; fileRef = AC82AD992264ED1C0065968E /* Assets.xcassets */; };
		AC82AD9D2264ED1C0065968E /* LaunchScreen.storyboard in Resources */ = {isa = PBXBuildFile; fileRef = AC82AD9B2264ED1C0065968E /* LaunchScreen.storyboard */; };
/* End PBXBuildFile section */

/* Begin PBXFileReference section */
		AC82AD8F2264ED1A0065968E /* Stretchy-Header-Collection-View-Cells - LBTA.app */ = {isa = PBXFileReference; explicitFileType = wrapper.application; includeInIndex = 0; path = "Stretchy-Header-Collection-View-Cells - LBTA.app"; sourceTree = BUILT_PRODUCTS_DIR; };
		AC82AD922264ED1A0065968E /* AppDelegate.swift */ = {isa = PBXFileReference; lastKnownFileType = sourcecode.swift; path = AppDelegate.swift; sourceTree = "<group>"; };
		AC82AD942264ED1A0065968E /* ViewController.swift */ = {isa = PBXFileReference; lastKnownFileType = sourcecode.swift; path = ViewController.swift; sourceTree = "<group>"; };
		AC82AD972264ED1A0065968E /* Base */ = {isa = PBXFileReference; lastKnownFileType = file.storyboard; name = Base; path = Base.lproj/Main.storyboard; sourceTree = "<group>"; };
		AC82AD992264ED1C0065968E /* Assets.xcassets */ = {isa = PBXFileReference; lastKnownFileType = folder.assetcatalog; path = Assets.xcassets; sourceTree = "<group>"; };
		AC82AD9C2264ED1C0065968E /* Base */ = {isa = PBXFileReference; lastKnownFileType = file.storyboard; name = Base; path = Base.lproj/LaunchScreen.storyboard; sourceTree = "<group>"; };
		AC82AD9E2264ED1C0065968E /* Info.plist */ = {isa = PBXFileReference; lastKnownFileType = text.plist.xml; path = Info.plist; sourceTree = "<group>"; };
/* End PBXFileReference section */

/* Begin PBXFrameworksBuildPhase section */
		AC82AD8C2264ED1A0065968E /* Frameworks */ = {
			isa = PBXFrameworksBuildPhase;
			buildActionMask = 2147483647;
			files = (
			);
			runOnlyForDeploymentPostprocessing = 0;
		};
/* End PBXFrameworksBuildPhase section */

/* Begin PBXGroup section */
		AC82AD862264ED1A0065968E = {
			isa = PBXGroup;
			children = (
				AC82AD912264ED1A0065968E /* Stretchy-Header-Collection-View-Cells - LBTA */,
				AC82AD902264ED1A0065968E /* Products */,
			);
			sourceTree = "<group>";
		};
		AC82AD902264ED1A0065968E /* Products */ = {
			isa = PBXGroup;
			children = (
				AC82AD8F2264ED1A0065968E /* Stretchy-Header-Collection-View-Cells - LBTA.app */,
			);
			name = Products;
			sourceTree = "<group>";
		};
		AC82AD912264ED1A0065968E /* Stretchy-Header-Collection-View-Cells - LBTA */ = {
			isa = PBXGroup;
			children = (
				AC82AD922264ED1A0065968E /* AppDelegate.swift */,
				AC82AD942264ED1A0065968E /* ViewController.swift */,
				AC82AD962264ED1A0065968E /* Main.storyboard */,
				AC82AD992264ED1C0065968E /* Assets.xcassets */,
				AC82AD9B2264ED1C0065968E /* LaunchScreen.storyboard */,
				AC82AD9E2264ED1C0065968E /* Info.plist */,
			);
			path = "Stretchy-Header-Collection-View-Cells - LBTA";
			sourceTree = "<group>";
		};
/* End PBXGroup section */

/* Begin PBXNativeTarget section */
		AC82AD8E2264ED1A0065968E /* Stretchy-Header-Collection-View-Cells - LBTA */ = {
			isa = PBXNativeTarget;
			buildConfigurationList = AC82ADA12264ED1C0065968E /* Build configuration list for PBXNativeTarget "Stretchy-Header-Collection-View-Cells - LBTA" */;
			buildPhases = (
				AC82AD8B2264ED1A0065968E /* Sources */,
				AC82AD8C2264ED1A0065968E /* Frameworks */,
				AC82AD8D2264ED1A0065968E /* Resources */,
			);
			buildRules = (
			);
			dependencies = (
			);
			name = "Stretchy-Header-Collection-View-Cells - LBTA";
			productName = "Stretchy-Header-Collection-View-Cells - LBTA";
			productReference = AC82AD8F2264ED1A0065968E /* Stretchy-Header-Collection-View-Cells - LBTA.app */;
			productType = "com.apple.product-type.application";
		};
/* End PBXNativeTarget section */

/* Begin PBXProject section */
		AC82AD872264ED1A0065968E /* Project object */ = {
			isa = PBXProject;
			attributes = {
				LastSwiftUpdateCheck = 1020;
				LastUpgradeCheck = 1020;
				ORGANIZATIONNAME = "Maxim Granchenko";
				TargetAttributes = {
					AC82AD8E2264ED1A0065968E = {
						CreatedOnToolsVersion = 10.2;
					};
				};
			};
			buildConfigurationList = AC82AD8A2264ED1A0065968E /* Build configuration list for PBXProject "Stretchy-Header-Collection-View-Cells - LBTA" */;
			compatibilityVersion = "Xcode 9.3";
			developmentRegion = en;
			hasScannedForEncodings = 0;
			knownRegions = (
				en,
				Base,
			);
			mainGroup = AC82AD862264ED1A0065968E;
			productRefGroup = AC82AD902264ED1A0065968E /* Products */;
			projectDirPath = "";
			projectRoot = "";
			targets = (
				AC82AD8E2264ED1A0065968E /* Stretchy-Header-Collection-View-Cells - LBTA */,
			);
		};
/* End PBXProject section */

/* Begin PBXResourcesBuildPhase section */
		AC82AD8D2264ED1A0065968E /* Resources */ = {
			isa = PBXResourcesBuildPhase;
			buildActionMask = 2147483647;
			files = (
				AC82AD9D2264ED1C0065968E /* LaunchScreen.storyboard in Resources */,
				AC82AD9A2264ED1C0065968E /* Assets.xcassets in Resources */,
				AC82AD982264ED1A0065968E /* Main.storyboard in Resources */,
			);
			runOnlyForDeploymentPostprocessing = 0;
		};
/* End PBXResourcesBuildPhase section */

/* Begin PBXSourcesBuildPhase section */
		AC82AD8B2264ED1A0065968E /* Sources */ = {
			isa = PBXSourcesBuildPhase;
			buildActionMask = 2147483647;
			files = (
				AC82AD952264ED1A0065968E /* ViewController.swift in Sources */,
				AC82AD932264ED1A0065968E /* AppDelegate.swift in Sources */,
			);
			runOnlyForDeploymentPostprocessing = 0;
		};
/* End PBXSourcesBuildPhase section */

/* Begin PBXVariantGroup section */
		AC82AD962264ED1A0065968E /* Main.storyboard */ = {
			isa = PBXVariantGroup;
			children = (
				AC82AD972264ED1A0065968E /* Base */,
			);
			name = Main.storyboard;
			sourceTree = "<group>";
		};
		AC82AD9B2264ED1C0065968E /* LaunchScreen.storyboard */ = {
			isa = PBXVariantGroup;
			children = (
				AC82AD9C2264ED1C0065968E /* Base */,
			);
			name = LaunchScreen.storyboard;
			sourceTree = "<group>";
		};
/* End PBXVariantGroup section */

/* Begin XCBuildConfiguration section */
		AC82AD9F2264ED1C0065968E /* Debug */ = {
			isa = XCBuildConfiguration;
			buildSettings = {
				ALWAYS_SEARCH_USER_PATHS = NO;
				CLANG_ANALYZER_NONNULL = YES;
				CLANG_ANALYZER_NUMBER_OBJECT_CONVERSION = YES_AGGRESSIVE;
				CLANG_CXX_LANGUAGE_STANDARD = "gnu++14";
				CLANG_CXX_LIBRARY = "libc++";
				CLANG_ENABLE_MODULES = YES;
				CLANG_ENABLE_OBJC_ARC = YES;
				CLANG_ENABLE_OBJC_WEAK = YES;
				CLANG_WARN_BLOCK_CAPTURE_AUTORELEASING = YES;
				CLANG_WARN_BOOL_CONVERSION = YES;
				CLANG_WARN_COMMA = YES;
				CLANG_WARN_CONSTANT_CONVERSION = YES;
				CLANG_WARN_DEPRECATED_OBJC_IMPLEMENTATIONS = YES;
				CLANG_WARN_DIRECT_OBJC_ISA_USAGE = YES_ERROR;
				CLANG_WARN_DOCUMENTATION_COMMENTS = YES;
				CLANG_WARN_EMPTY_BODY = YES;
				CLANG_WARN_ENUM_CONVERSION = YES;
				CLANG_WARN_INFINITE_RECURSION = YES;
				CLANG_WARN_INT_CONVERSION = YES;
				CLANG_WARN_NON_LITERAL_NULL_CONVERSION = YES;
				CLANG_WARN_OBJC_IMPLICIT_RETAIN_SELF = YES;
				CLANG_WARN_OBJC_LITERAL_CONVERSION = YES;
				CLANG_WARN_OBJC_ROOT_CLASS = YES_ERROR;
				CLANG_WARN_RANGE_LOOP_ANALYSIS = YES;
				CLANG_WARN_STRICT_PROTOTYPES = YES;
				CLANG_WARN_SUSPICIOUS_MOVE = YES;
				CLANG_WARN_UNGUARDED_AVAILABILITY = YES_AGGRESSIVE;
				CLANG_WARN_UNREACHABLE_CODE = YES;
				CLANG_WARN__DUPLICATE_METHOD_MATCH = YES;
				CODE_SIGN_IDENTITY = "iPhone Developer";
				COPY_PHASE_STRIP = NO;
				DEBUG_INFORMATION_FORMAT = dwarf;
				ENABLE_STRICT_OBJC_MSGSEND = YES;
				ENABLE_TESTABILITY = YES;
				GCC_C_LANGUAGE_STANDARD = gnu11;
				GCC_DYNAMIC_NO_PIC = NO;
				GCC_NO_COMMON_BLOCKS = YES;
				GCC_OPTIMIZATION_LEVEL = 0;
				GCC_PREPROCESSOR_DEFINITIONS = (
					"DEBUG=1",
					"$(inherited)",
				);
				GCC_WARN_64_TO_32_BIT_CONVERSION = YES;
				GCC_WARN_ABOUT_RETURN_TYPE = YES_ERROR;
				GCC_WARN_UNDECLARED_SELECTOR = YES;
				GCC_WARN_UNINITIALIZED_AUTOS = YES_AGGRESSIVE;
				GCC_WARN_UNUSED_FUNCTION = YES;
				GCC_WARN_UNUSED_VARIABLE = YES;
				IPHONEOS_DEPLOYMENT_TARGET = 12.2;
				MTL_ENABLE_DEBUG_INFO = INCLUDE_SOURCE;
				MTL_FAST_MATH = YES;
				ONLY_ACTIVE_ARCH = YES;
				SDKROOT = iphoneos;
				SWIFT_ACTIVE_COMPILATION_CONDITIONS = DEBUG;
				SWIFT_OPTIMIZATION_LEVEL = "-Onone";
			};
			name = Debug;
		};
		AC82ADA02264ED1C0065968E /* Release */ = {
			isa = XCBuildConfiguration;
			buildSettings = {
				ALWAYS_SEARCH_USER_PATHS = NO;
				CLANG_ANALYZER_NONNULL = YES;
				CLANG_ANALYZER_NUMBER_OBJECT_CONVERSION = YES_AGGRESSIVE;
				CLANG_CXX_LANGUAGE_STANDARD = "gnu++14";
				CLANG_CXX_LIBRARY = "libc++";
				CLANG_ENABLE_MODULES = YES;
				CLANG_ENABLE_OBJC_ARC = YES;
				CLANG_ENABLE_OBJC_WEAK = YES;
				CLANG_WARN_BLOCK_CAPTURE_AUTORELEASING = YES;
				CLANG_WARN_BOOL_CONVERSION = YES;
				CLANG_WARN_COMMA = YES;
				CLANG_WARN_CONSTANT_CONVERSION = YES;
				CLANG_WARN_DEPRECATED_OBJC_IMPLEMENTATIONS = YES;
				CLANG_WARN_DIRECT_OBJC_ISA_USAGE = YES_ERROR;
				CLANG_WARN_DOCUMENTATION_COMMENTS = YES;
				CLANG_WARN_EMPTY_BODY = YES;
				CLANG_WARN_ENUM_CONVERSION = YES;
				CLANG_WARN_INFINITE_RECURSION = YES;
				CLANG_WARN_INT_CONVERSION = YES;
				CLANG_WARN_NON_LITERAL_NULL_CONVERSION = YES;
				CLANG_WARN_OBJC_IMPLICIT_RETAIN_SELF = YES;
				CLANG_WARN_OBJC_LITERAL_CONVERSION = YES;
				CLANG_WARN_OBJC_ROOT_CLASS = YES_ERROR;
				CLANG_WARN_RANGE_LOOP_ANALYSIS = YES;
				CLANG_WARN_STRICT_PROTOTYPES = YES;
				CLANG_WARN_SUSPICIOUS_MOVE = YES;
				CLANG_WARN_UNGUARDED_AVAILABILITY = YES_AGGRESSIVE;
				CLANG_WARN_UNREACHABLE_CODE = YES;
				CLANG_WARN__DUPLICATE_METHOD_MATCH = YES;
				CODE_SIGN_IDENTITY = "iPhone Developer";
				COPY_PHASE_STRIP = NO;
				DEBUG_INFORMATION_FORMAT = "dwarf-with-dsym";
				ENABLE_NS_ASSERTIONS = NO;
				ENABLE_STRICT_OBJC_MSGSEND = YES;
				GCC_C_LANGUAGE_STANDARD = gnu11;
				GCC_NO_COMMON_BLOCKS = YES;
				GCC_WARN_64_TO_32_BIT_CONVERSION = YES;
				GCC_WARN_ABOUT_RETURN_TYPE = YES_ERROR;
				GCC_WARN_UNDECLARED_SELECTOR = YES;
				GCC_WARN_UNINITIALIZED_AUTOS = YES_AGGRESSIVE;
				GCC_WARN_UNUSED_FUNCTION = YES;
				GCC_WARN_UNUSED_VARIABLE = YES;
				IPHONEOS_DEPLOYMENT_TARGET = 12.2;
				MTL_ENABLE_DEBUG_INFO = NO;
				MTL_FAST_MATH = YES;
				SDKROOT = iphoneos;
				SWIFT_COMPILATION_MODE = wholemodule;
				SWIFT_OPTIMIZATION_LEVEL = "-O";
				VALIDATE_PRODUCT = YES;
			};
			name = Release;
		};
		AC82ADA22264ED1C0065968E /* Debug */ = {
			isa = XCBuildConfiguration;
			buildSettings = {
				ASSETCATALOG_COMPILER_APPICON_NAME = AppIcon;
				CODE_SIGN_STYLE = Automatic;
				DEVELOPMENT_TEAM = R4XB56HC9M;
				INFOPLIST_FILE = "Stretchy-Header-Collection-View-Cells - LBTA/Info.plist";
				LD_RUNPATH_SEARCH_PATHS = (
					"$(inherited)",
					"@executable_path/Frameworks",
				);
				PRODUCT_BUNDLE_IDENTIFIER = "iMakca.Stretchy-Header-Collection-View-Cells---LBTA";
				PRODUCT_NAME = "$(TARGET_NAME)";
				SWIFT_VERSION = 5.0;
				TARGETED_DEVICE_FAMILY = "1,2";
			};
			name = Debug;
		};
		AC82ADA32264ED1C0065968E /* Release */ = {
			isa = XCBuildConfiguration;
			buildSettings = {
				ASSETCATALOG_COMPILER_APPICON_NAME = AppIcon;
				CODE_SIGN_STYLE = Automatic;
				DEVELOPMENT_TEAM = R4XB56HC9M;
				INFOPLIST_FILE = "Stretchy-Header-Collection-View-Cells - LBTA/Info.plist";
				LD_RUNPATH_SEARCH_PATHS = (
					"$(inherited)",
					"@executable_path/Frameworks",
				);
				PRODUCT_BUNDLE_IDENTIFIER = "iMakca.Stretchy-Header-Collection-View-Cells---LBTA";
				PRODUCT_NAME = "$(TARGET_NAME)";
				SWIFT_VERSION = 5.0;
				TARGETED_DEVICE_FAMILY = "1,2";
			};
			name = Release;
		};
/* End XCBuildConfiguration section */

/* Begin XCConfigurationList section */
		AC82AD8A2264ED1A0065968E /* Build configuration list for PBXProject "Stretchy-Header-Collection-View-Cells - LBTA" */ = {
			isa = XCConfigurationList;
			buildConfigurations = (
				AC82AD9F2264ED1C0065968E /* Debug */,
				AC82ADA02264ED1C0065968E /* Release */,
			);
			defaultConfigurationIsVisible = 0;
			defaultConfigurationName = Release;
		};
		AC82ADA12264ED1C0065968E /* Build configuration list for PBXNativeTarget "Stretchy-Header-Collection-View-Cells - LBTA" */ = {
			isa = XCConfigurationList;
			buildConfigurations = (
				AC82ADA22264ED1C0065968E /* Debug */,
				AC82ADA32264ED1C0065968E /* Release */,
			);
			defaultConfigurationIsVisible = 0;
			defaultConfigurationName = Release;
		};
/* End XCConfigurationList section */
	};
	rootObject = AC82AD872264ED1A0065968E /* Project object */;
}
